{
  "name": "nl.hdg.mqtt",
  "version": "1.0.2",
  "lockfileVersion": 1,
  "requires": true,
  "dependencies": {
    "athom-api": {
      "version": "2.1.172",
      "resolved": "https://registry.npmjs.org/athom-api/-/athom-api-2.1.172.tgz",
      "integrity": "sha512-Qnrt55WICU75d7yO3CZ1cGv/Cd+EzQn1H1uj8NnJQW2vfv8pur4U7I8BoMCS5X3K3Zir9XQ5EIAXVuzilzcr7w=="
    }
  }
}
