{
  "name": "nl.hdg.climate",
  "version": "2.0.5",
  "lockfileVersion": 1,
  "requires": true,
  "dependencies": {
    "athom-api": {
      "version": "2.1.178",
      "resolved": "https://registry.npmjs.org/athom-api/-/athom-api-2.1.178.tgz",
      "integrity": "sha512-0vz6PSMRCuNtJUrM1rB1bChYt4EWvSDqlPXO2JpM+622Yxg1dA4wb50TN7rftGJIr57rEoDRpq4rodriiLfSQQ=="
    }
  }
}
